
Microsoft Visual Studio Solution File, Format Version 12.00
# Visual Studio Version 16
VisualStudioVersion = 16.0.31702.278
MinimumVisualStudioVersion = 10.0.40219.1
Project("{9A19103F-16F7-4668-BE54-9A1E7A4F7556}") = "Image Classifier", "Image Classifier\Image Classifier.csproj", "{D415207B-A440-4E91-8214-5FE4BD56BD4F}"
EndProject
Project("{9A19103F-16F7-4668-BE54-9A1E7A4F7556}") = "MLModel1_ConsoleApp1", "MLModel1_ConsoleApp1\MLModel1_ConsoleApp1.csproj", "{C830A871-892F-49F3-9AF3-6F7C2BF16972}"
EndProject
Project("{9A19103F-16F7-4668-BE54-9A1E7A4F7556}") = "MLModel1_WebApi1", "MLModel1_WebApi1\MLModel1_WebApi1.csproj", "{E3738EBC-27E8-45D3-B247-B546641D8F36}"
EndProject
Global
	GlobalSection(SolutionConfigurationPlatforms) = preSolution
		Debug|Any CPU = Debug|Any CPU
		Release|Any CPU = Release|Any CPU
	EndGlobalSection
	GlobalSection(ProjectConfigurationPlatforms) = postSolution
		{D415207B-A440-4E91-8214-5FE4BD56BD4F}.Debug|Any CPU.ActiveCfg = Debug|Any CPU
		{D415207B-A440-4E91-8214-5FE4BD56BD4F}.Debug|Any CPU.Build.0 = Debug|Any CPU
		{D415207B-A440-4E91-8214-5FE4BD56BD4F}.Release|Any CPU.ActiveCfg = Release|Any CPU
		{D415207B-A440-4E91-8214-5FE4BD56BD4F}.Release|Any CPU.Build.0 = Release|Any CPU
		{C830A871-892F-49F3-9AF3-6F7C2BF16972}.Debug|Any CPU.ActiveCfg = Debug|Any CPU
		{C830A871-892F-49F3-9AF3-6F7C2BF16972}.Debug|Any CPU.Build.0 = Debug|Any CPU
		{C830A871-892F-49F3-9AF3-6F7C2BF16972}.Release|Any CPU.ActiveCfg = Release|Any CPU
		{C830A871-892F-49F3-9AF3-6F7C2BF16972}.Release|Any CPU.Build.0 = Release|Any CPU
		{E3738EBC-27E8-45D3-B247-B546641D8F36}.Debug|Any CPU.ActiveCfg = Debug|Any CPU
		{E3738EBC-27E8-45D3-B247-B546641D8F36}.Debug|Any CPU.Build.0 = Debug|Any CPU
		{E3738EBC-27E8-45D3-B247-B546641D8F36}.Release|Any CPU.ActiveCfg = Release|Any CPU
		{E3738EBC-27E8-45D3-B247-B546641D8F36}.Release|Any CPU.Build.0 = Release|Any CPU
	EndGlobalSection
	GlobalSection(SolutionProperties) = preSolution
		HideSolutionNode = FALSE
	EndGlobalSection
	GlobalSection(ExtensibilityGlobals) = postSolution
		SolutionGuid = {AB9D5FCE-C05C-4D15-BBED-0A418FF86AB5}
	EndGlobalSection
EndGlobal
